
Microsoft Visual Studio Solution File, Format Version 12.00
# Visual Studio Version 17
VisualStudioVersion = 17.14.36221.1 d17.14
MinimumVisualStudioVersion = 10.0.40219.1
Project("{FAE04EC0-301F-11D3-BF4B-00C04F79EFBC}") = "Polymorph_with_Userinput", "Polymorph_with_Userinput\Polymorph_with_Userinput.csproj", "{AF1A468C-DA23-44A7-9EC7-498939CD469B}"
EndProject
Global
	GlobalSection(SolutionConfigurationPlatforms) = preSolution
		Debug|Any CPU = Debug|Any CPU
		Release|Any CPU = Release|Any CPU
	EndGlobalSection
	GlobalSection(ProjectConfigurationPlatforms) = postSolution
		{AF1A468C-DA23-44A7-9EC7-498939CD469B}.Debug|Any CPU.ActiveCfg = Debug|Any CPU
		{AF1A468C-DA23-44A7-9EC7-498939CD469B}.Debug|Any CPU.Build.0 = Debug|Any CPU
		{AF1A468C-DA23-44A7-9EC7-498939CD469B}.Release|Any CPU.ActiveCfg = Release|Any CPU
		{AF1A468C-DA23-44A7-9EC7-498939CD469B}.Release|Any CPU.Build.0 = Release|Any CPU
	EndGlobalSection
	GlobalSection(SolutionProperties) = preSolution
		HideSolutionNode = FALSE
	EndGlobalSection
	GlobalSection(ExtensibilityGlobals) = postSolution
		SolutionGuid = {1FA5D8A1-3F5C-478B-891E-46DFB84DF4EF}
	EndGlobalSection
EndGlobal
