
Microsoft Visual Studio Solution File, Format Version 12.00
# Visual Studio Version 17
VisualStudioVersion = 17.14.36221.1 d17.14
MinimumVisualStudioVersion = 10.0.40219.1
Project("{FAE04EC0-301F-11D3-BF4B-00C04F79EFBC}") = "Pepito_UserInputInheritance", "Pepito_UserInputInheritance\Pepito_UserInputInheritance.csproj", "{AF64EB84-17C3-4047-AB7D-4BAB2A456122}"
EndProject
Global
	GlobalSection(SolutionConfigurationPlatforms) = preSolution
		Debug|Any CPU = Debug|Any CPU
		Release|Any CPU = Release|Any CPU
	EndGlobalSection
	GlobalSection(ProjectConfigurationPlatforms) = postSolution
		{AF64EB84-17C3-4047-AB7D-4BAB2A456122}.Debug|Any CPU.ActiveCfg = Debug|Any CPU
		{AF64EB84-17C3-4047-AB7D-4BAB2A456122}.Debug|Any CPU.Build.0 = Debug|Any CPU
		{AF64EB84-17C3-4047-AB7D-4BAB2A456122}.Release|Any CPU.ActiveCfg = Release|Any CPU
		{AF64EB84-17C3-4047-AB7D-4BAB2A456122}.Release|Any CPU.Build.0 = Release|Any CPU
	EndGlobalSection
	GlobalSection(SolutionProperties) = preSolution
		HideSolutionNode = FALSE
	EndGlobalSection
	GlobalSection(ExtensibilityGlobals) = postSolution
		SolutionGuid = {A3239697-F2B8-4D81-8D23-D0F2A7E4A631}
	EndGlobalSection
EndGlobal
